PODS:
  - Auth0 (1.2.0)
  - Lock (2.0.0-rc.2):
    - Auth0 (~> 1.1)
    - Lock/Classic (= 2.0.0-rc.2)
  - Lock/Classic (2.0.0-rc.2):
    - Auth0 (~> 1.1)

DEPENDENCIES:
  - Auth0 (~> 1.2.0)
  - Lock (= 2.0.0-rc.2)

SPEC CHECKSUMS:
  Auth0: c5719a587c4f5fd78d8c16a26a6f0976f1718add
  Lock: 9ca1575ff8decb1ecd011c3e629da48212600687

PODFILE CHECKSUM: 19983f32b93b13cca003857c494d9d0b098bb771

COCOAPODS: 1.2.0
