PODS:
  - Auth0 (1.2.0)
  - Lock (2.0.0):
    - Auth0 (~> 1.2)
    - Lock/Classic (= 2.0.0)
  - Lock/Classic (2.0.0):
    - Auth0 (~> 1.2)
  - SimpleKeychain (0.7.0)

DEPENDENCIES:
  - Auth0 (~> 1.2)
  - Lock (= 2.0.0)
  - SimpleKeychain (~> 0.7)

SPEC CHECKSUMS:
  Auth0: c5719a587c4f5fd78d8c16a26a6f0976f1718add
  Lock: b98cef67f5e6d1fc5222a59c6d97e9d73a8a9365
  SimpleKeychain: b50cef3b87939d480ea1143425c00f5b4b70fe21

PODFILE CHECKSUM: 7e77cdd2df9bc8e900b054ab29e2626b57d90cda

COCOAPODS: 1.2.0
